<?xml version="1.0" encoding="UTF-8" standalone="yes" ?>
<CodeBlocks_project_file>
	<FileVersion major="1" minor="6" />
	<Project>
		<Option title="deepees_td_module" />
		<Option pch_mode="2" />
		<Option compiler="gcc" />
		<Build>
			<Target title="Debug">
				<Option output="bin/Debug/deepps_td_module" prefix_auto="1" extension_auto="1" />
				<Option object_output="obj/Debug/" />
				<Option type="0" />
				<Option compiler="gcc" />
				<Compiler>
					<Add option="-std=gnu++11" />
					<Add option="-g" />
				</Compiler>
			</Target>
			<Target title="Release">
				<Option output="bin/Release/td_module" prefix_auto="1" extension_auto="1" />
				<Option object_output="obj/Release/" />
				<Option type="0" />
				<Option compiler="gcc" />
				<Compiler>
					<Add option="-O2" />
				</Compiler>
				<Linker>
					<Add option="-s" />
				</Linker>
			</Target>
		</Build>
		<Compiler>
			<Add option="-Wall" />
			<Add option="-std=c++14" />
			<Add directory="C:/deepees_framework_v2" />
			<Add directory="C:/deepees_framework_v2/deepees_main_controller" />
			<Add directory="C:/deepees_framework_v2/deepees_room_controller" />
			<Add directory="C:/deepees_framework_v2/deepees_visual_media_manager" />
			<Add directory="C:/deepees_framework_v2/deepees_math_and_points" />
			<Add directory="C:/deepees_framework_v2/deepees_visual_media" />
			<Add directory="C:/deepees_framework_v2/deepees_events" />
			<Add directory="C:/deepees_framework_v2/deepees_window" />
			<Add directory="C:/deepees_framework_v2/deepees_mixer_bin" />
			<Add directory="C:/deepees_framework_v2/deepees_audio" />
			<Add directory="C:/deepees_framework_v2/deepees_file_reader" />
			<Add directory="C:/deepees_framework_v2/sdl_stuff/SDL2-2.0.12/i686-w64-mingw32/include/SDL2" />
		</Compiler>
		<Linker>
			<Add option="-ldeepees_framework" />
			<Add option="-ldeepees_main_controller" />
			<Add option="-ldeepees_file_reader" />
			<Add option="-ldeepees_room_controller -ldeepees_visual_media_manager -ldeepees_math_and_points -ldeepees_visual_media -ldeepees_events -ldeepees_window" />
			<Add option="-ldeepees_mixer_bin -ldeepees_audio" />
			<Add option="-lmingw32 -lSDL2main -lSDL2 -lSDL2_image -lSDL2_ttf -lSDL2_mixer" />
			<Add directory="C:/deepees_framework_v2/bin/Debug" />
			<Add directory="C:/deepees_framework_v2/deepees_main_controller/bin/Debug" />
			<Add directory="C:/deepees_framework_v2/deepees_room_controller/bin/Debug" />
			<Add directory="C:/deepees_framework_v2/deepees_visual_media_manager/bin/Debug" />
			<Add directory="C:/deepees_framework_v2/deepees_math_and_points/bin/Debug" />
			<Add directory="C:/deepees_framework_v2/deepees_visual_media/bin/Debug" />
			<Add directory="C:/deepees_framework_v2/deepees_events/bin/Debug" />
			<Add directory="C:/deepees_framework_v2/deepees_window/bin/Debug" />
			<Add directory="C:/deepees_framework_v2/deepees_mixer_bin/bin/Debug" />
			<Add directory="C:/deepees_framework_v2/deepees_audio/bin/Debug" />
			<Add directory="C:/deepees_framework_v2/deepees_file_reader/bin/Debug" />
			<Add directory="C:/deepees_framework_v2/sdl_stuff/SDL2-2.0.12/i686-w64-mingw32/lib" />
		</Linker>
		<Unit filename="buff_aura.h" />
		<Unit filename="buff_data.h" />
		<Unit filename="circ_hitbox.cpp" />
		<Unit filename="circ_hitbox.h" />
		<Unit filename="debuff_data.h" />
		<Unit filename="enemy.cpp" />
		<Unit filename="enemy.h" />
		<Unit filename="enemy_data.h" />
		<Unit filename="grid.cpp" />
		<Unit filename="grid.h" />
		<Unit filename="grid_camera.cpp" />
		<Unit filename="grid_camera.h" />
		<Unit filename="grid_manager.cpp" />
		<Unit filename="grid_manager.h" />
		<Unit filename="grid_node.h" />
		<Unit filename="grid_state.h" />
		<Unit filename="hitbox.cpp" />
		<Unit filename="hitbox.h" />
		<Unit filename="main.cpp" />
		<Unit filename="main.h" />
		<Unit filename="path.cpp" />
		<Unit filename="path.h" />
		<Unit filename="path_point.h" />
		<Unit filename="rect_hitbox.cpp" />
		<Unit filename="rect_hitbox.h" />
		<Unit filename="resource.cpp" />
		<Unit filename="resource.h" />
		<Unit filename="square.h" />
		<Unit filename="td_bullet.cpp" />
		<Unit filename="td_bullet.h" />
		<Unit filename="td_loading.cpp" />
		<Unit filename="td_loading.h" />
		<Unit filename="td_module.cpp" />
		<Unit filename="td_module.h" />
		<Unit filename="td_table.cpp" />
		<Unit filename="td_table.h" />
		<Unit filename="tower.cpp" />
		<Unit filename="tower.h" />
		<Unit filename="tower_bullet_data.h" />
		<Unit filename="tower_data.h" />
		<Extensions />
	</Project>
</CodeBlocks_project_file>
